
Microsoft Visual Studio Solution File, Format Version 12.00
# Visual Studio Version 16
VisualStudioVersion = 16.0.30907.101
MinimumVisualStudioVersion = 10.0.40219.1
Project("{FAE04EC0-301F-11D3-BF4B-00C04F79EFBC}") = "PDFreport1", "PDFreport1\PDFreport1.csproj", "{0E81FB0B-15E1-46C7-BE30-875EB90D5A6C}"
EndProject
Global
	GlobalSection(SolutionConfigurationPlatforms) = preSolution
		Debug|Any CPU = Debug|Any CPU
		Release|Any CPU = Release|Any CPU
	EndGlobalSection
	GlobalSection(ProjectConfigurationPlatforms) = postSolution
		{0E81FB0B-15E1-46C7-BE30-875EB90D5A6C}.Debug|Any CPU.ActiveCfg = Debug|Any CPU
		{0E81FB0B-15E1-46C7-BE30-875EB90D5A6C}.Debug|Any CPU.Build.0 = Debug|Any CPU
		{0E81FB0B-15E1-46C7-BE30-875EB90D5A6C}.Release|Any CPU.ActiveCfg = Release|Any CPU
		{0E81FB0B-15E1-46C7-BE30-875EB90D5A6C}.Release|Any CPU.Build.0 = Release|Any CPU
	EndGlobalSection
	GlobalSection(SolutionProperties) = preSolution
		HideSolutionNode = FALSE
	EndGlobalSection
	GlobalSection(ExtensibilityGlobals) = postSolution
		SolutionGuid = {C7C74A54-E6F2-4D41-A7A1-B95CF9FE6824}
	EndGlobalSection
EndGlobal
