
Microsoft Visual Studio Solution File, Format Version 12.00
# Visual Studio Version 17
VisualStudioVersion = 17.1.32328.378
MinimumVisualStudioVersion = 10.0.40219.1
Project("{FAE04EC0-301F-11D3-BF4B-00C04F79EFBC}") = "Bot v2", "Bot v2\Bot v2.csproj", "{3189D17C-A924-4617-B48C-1E215809E83B}"
EndProject
Global
	GlobalSection(SolutionConfigurationPlatforms) = preSolution
		Debug|Any CPU = Debug|Any CPU
		Release|Any CPU = Release|Any CPU
	EndGlobalSection
	GlobalSection(ProjectConfigurationPlatforms) = postSolution
		{3189D17C-A924-4617-B48C-1E215809E83B}.Debug|Any CPU.ActiveCfg = Debug|Any CPU
		{3189D17C-A924-4617-B48C-1E215809E83B}.Debug|Any CPU.Build.0 = Debug|Any CPU
		{3189D17C-A924-4617-B48C-1E215809E83B}.Release|Any CPU.ActiveCfg = Release|Any CPU
		{3189D17C-A924-4617-B48C-1E215809E83B}.Release|Any CPU.Build.0 = Release|Any CPU
	EndGlobalSection
	GlobalSection(SolutionProperties) = preSolution
		HideSolutionNode = FALSE
	EndGlobalSection
	GlobalSection(ExtensibilityGlobals) = postSolution
		SolutionGuid = {6BEEE385-12D9-4479-9C12-25FC33288928}
	EndGlobalSection
EndGlobal
